
Microsoft Visual Studio Solution File, Format Version 12.00
# Visual Studio Version 17
VisualStudioVersion = 17.0.32112.339
MinimumVisualStudioVersion = 10.0.40219.1
Project("{FAE04EC0-301F-11D3-BF4B-00C04F79EFBC}") = "LING", "LING.csproj", "{CDD463B6-96BB-405C-BB5B-375F8D91B4EF}"
EndProject
Project("{FAE04EC0-301F-11D3-BF4B-00C04F79EFBC}") = "LING UI", "..\LING UI\LING UI.csproj", "{6E69B18B-7AA3-4123-AEEF-7C62EBE213A6}"
	ProjectSection(ProjectDependencies) = postProject
		{CDD463B6-96BB-405C-BB5B-375F8D91B4EF} = {CDD463B6-96BB-405C-BB5B-375F8D91B4EF}
	EndProjectSection
EndProject
Global
	GlobalSection(SolutionConfigurationPlatforms) = preSolution
		Debug|Any CPU = Debug|Any CPU
		Release|Any CPU = Release|Any CPU
	EndGlobalSection
	GlobalSection(ProjectConfigurationPlatforms) = postSolution
		{CDD463B6-96BB-405C-BB5B-375F8D91B4EF}.Debug|Any CPU.ActiveCfg = Debug|Any CPU
		{CDD463B6-96BB-405C-BB5B-375F8D91B4EF}.Debug|Any CPU.Build.0 = Debug|Any CPU
		{CDD463B6-96BB-405C-BB5B-375F8D91B4EF}.Release|Any CPU.ActiveCfg = Release|Any CPU
		{CDD463B6-96BB-405C-BB5B-375F8D91B4EF}.Release|Any CPU.Build.0 = Release|Any CPU
		{6E69B18B-7AA3-4123-AEEF-7C62EBE213A6}.Debug|Any CPU.ActiveCfg = Debug|Any CPU
		{6E69B18B-7AA3-4123-AEEF-7C62EBE213A6}.Debug|Any CPU.Build.0 = Debug|Any CPU
		{6E69B18B-7AA3-4123-AEEF-7C62EBE213A6}.Release|Any CPU.ActiveCfg = Release|Any CPU
		{6E69B18B-7AA3-4123-AEEF-7C62EBE213A6}.Release|Any CPU.Build.0 = Release|Any CPU
	EndGlobalSection
	GlobalSection(SolutionProperties) = preSolution
		HideSolutionNode = FALSE
	EndGlobalSection
	GlobalSection(ExtensibilityGlobals) = postSolution
		SolutionGuid = {2FB95C34-A03B-43EC-BA3B-A35F9284CA27}
	EndGlobalSection
EndGlobal
