
Microsoft Visual Studio Solution File, Format Version 12.00
# Visual Studio Version 17
VisualStudioVersion = 17.0.32112.339
MinimumVisualStudioVersion = 10.0.40219.1
Project("{FAE04EC0-301F-11D3-BF4B-00C04F79EFBC}") = "TestedClasses", "TestedClasses\TestedClasses.csproj", "{FCC10F31-EFE0-4BB8-8287-6F07B4535D6F}"
EndProject
Project("{FAE04EC0-301F-11D3-BF4B-00C04F79EFBC}") = "UnitTest1", "UnitTest1\UnitTest1.csproj", "{6038501E-2B51-4621-B0A1-C414EC5AF2F5}"
EndProject
Project("{FAE04EC0-301F-11D3-BF4B-00C04F79EFBC}") = "Selenium", "Selenium\Selenium.csproj", "{F62064CF-2ECA-48BD-8C77-8C6489519EFE}"
EndProject
Global
	GlobalSection(SolutionConfigurationPlatforms) = preSolution
		Debug|Any CPU = Debug|Any CPU
		Release|Any CPU = Release|Any CPU
	EndGlobalSection
	GlobalSection(ProjectConfigurationPlatforms) = postSolution
		{FCC10F31-EFE0-4BB8-8287-6F07B4535D6F}.Debug|Any CPU.ActiveCfg = Debug|Any CPU
		{FCC10F31-EFE0-4BB8-8287-6F07B4535D6F}.Debug|Any CPU.Build.0 = Debug|Any CPU
		{FCC10F31-EFE0-4BB8-8287-6F07B4535D6F}.Release|Any CPU.ActiveCfg = Release|Any CPU
		{FCC10F31-EFE0-4BB8-8287-6F07B4535D6F}.Release|Any CPU.Build.0 = Release|Any CPU
		{6038501E-2B51-4621-B0A1-C414EC5AF2F5}.Debug|Any CPU.ActiveCfg = Debug|Any CPU
		{6038501E-2B51-4621-B0A1-C414EC5AF2F5}.Debug|Any CPU.Build.0 = Debug|Any CPU
		{6038501E-2B51-4621-B0A1-C414EC5AF2F5}.Release|Any CPU.ActiveCfg = Release|Any CPU
		{6038501E-2B51-4621-B0A1-C414EC5AF2F5}.Release|Any CPU.Build.0 = Release|Any CPU
		{F62064CF-2ECA-48BD-8C77-8C6489519EFE}.Debug|Any CPU.ActiveCfg = Debug|Any CPU
		{F62064CF-2ECA-48BD-8C77-8C6489519EFE}.Debug|Any CPU.Build.0 = Debug|Any CPU
		{F62064CF-2ECA-48BD-8C77-8C6489519EFE}.Release|Any CPU.ActiveCfg = Release|Any CPU
		{F62064CF-2ECA-48BD-8C77-8C6489519EFE}.Release|Any CPU.Build.0 = Release|Any CPU
	EndGlobalSection
	GlobalSection(SolutionProperties) = preSolution
		HideSolutionNode = FALSE
	EndGlobalSection
	GlobalSection(ExtensibilityGlobals) = postSolution
		SolutionGuid = {C8741CDC-99DF-4F8A-81B7-D8F327C38B87}
	EndGlobalSection
EndGlobal
